<Solution>
  <Configurations>
    <Platform Name="x64" />
    <Platform Name="x86" />
  </Configurations>
  <Project Path="../../../../../../../../ROBINATION CENTRAL/Hagat Mohema/Fuzetek Assignments/Project_2/G5_PROJECT_2/G5_PROJECT_2.vcxproj" Id="8195fdd9-7045-4c7b-9ad6-c9d289de1e7a" />
</Solution>
